{
  "name": "@lightfastai/skills",
  "lockfileVersion": 3,
  "requires": true,
  "packages": {
    "": {
      "name": "@lightfastai/skills",
      "dependencies": {
        "@boundaryml/baml": "0.221.0",
        "typescript": "5.9.3"
      }
    },
    "node_modules/@boundaryml/baml": {
      "version": "0.221.0",
      "resolved": "https://registry.npmjs.org/@boundaryml/baml/-/baml-0.221.0.tgz",
      "integrity": "sha512-pPOp2JVsG4Wa/tMLnJv/rxil5jsuVDgxnA0xO0h4lKy7t/fKCXOVvO+nzpOZ4byLTP/Ow+8pVvoKRKvx1J/Hsw==",
      "license": "MIT",
      "dependencies": {
        "@scarf/scarf": "^1.3.0"
      },
      "bin": {
        "baml": "cli.js",
        "baml-cli": "cli.js"
      },
      "engines": {
        "node": ">= 10"
      },
      "optionalDependencies": {
        "@boundaryml/baml-darwin-arm64": "0.221.0",
        "@boundaryml/baml-darwin-x64": "0.221.0",
        "@boundaryml/baml-linux-arm64-gnu": "0.221.0",
        "@boundaryml/baml-linux-arm64-musl": "0.221.0",
        "@boundaryml/baml-linux-x64-gnu": "0.221.0",
        "@boundaryml/baml-linux-x64-musl": "0.221.0",
        "@boundaryml/baml-win32-arm64-msvc": "0.221.0",
        "@boundaryml/baml-win32-x64-msvc": "0.221.0"
      }
    },
    "node_modules/@boundaryml/baml-darwin-arm64": {
      "version": "0.221.0",
      "resolved": "https://registry.npmjs.org/@boundaryml/baml-darwin-arm64/-/baml-darwin-arm64-0.221.0.tgz",
      "integrity": "sha512-GxqdjVUodyKtgKX/CIDGZyz5lXS0d0iFnV2x7thMQM9ziMrOPcWd3qwflOLYdgDo6Hy9yMULrqtMPkCrmbwEHQ==",
      "cpu": [
        "arm64"
      ],
      "license": "MIT",
      "optional": true,
      "os": [
        "darwin"
      ],
      "engines": {
        "node": ">= 10"
      }
    },
    "node_modules/@boundaryml/baml-darwin-x64": {
      "version": "0.221.0",
      "resolved": "https://registry.npmjs.org/@boundaryml/baml-darwin-x64/-/baml-darwin-x64-0.221.0.tgz",
      "integrity": "sha512-wG3jsgOIr8C+09j0AFZY4F8EHvd1gKoKw6+HR1Oi+cw4pijklCk2LI0AIwMPzgG12BAxWV6jEIONMORmspesFQ==",
      "cpu": [
        "x64"
      ],
      "license": "MIT",
      "optional": true,
      "os": [
        "darwin"
      ],
      "engines": {
        "node": ">= 10"
      }
    },
    "node_modules/@boundaryml/baml-linux-arm64-gnu": {
      "version": "0.221.0",
      "resolved": "https://registry.npmjs.org/@boundaryml/baml-linux-arm64-gnu/-/baml-linux-arm64-gnu-0.221.0.tgz",
      "integrity": "sha512-Xy1M3muUV2B/4f8dVUpX/IN2CI1m4hGtw31V+kQdFYsy3Hvo58qjijtlkKNYZOjqWBqVlgPMFhTvv8N0cD4N/w==",
      "cpu": [
        "arm64"
      ],
      "license": "MIT",
      "optional": true,
      "os": [
        "linux"
      ],
      "engines": {
        "node": ">= 10"
      }
    },
    "node_modules/@boundaryml/baml-linux-arm64-musl": {
      "version": "0.221.0",
      "resolved": "https://registry.npmjs.org/@boundaryml/baml-linux-arm64-musl/-/baml-linux-arm64-musl-0.221.0.tgz",
      "integrity": "sha512-6RIkHCViXQEsn6Ts5Uk9c6SDgokkXGO4GkoHpoNnKluTJtuB/B2nUOv2O147GFDqtspFDL2jk5d+oiYibfMn0g==",
      "cpu": [
        "arm64"
      ],
      "license": "MIT",
      "optional": true,
      "os": [
        "linux"
      ],
      "engines": {
        "node": ">= 10"
      }
    },
    "node_modules/@boundaryml/baml-linux-x64-gnu": {
      "version": "0.221.0",
      "resolved": "https://registry.npmjs.org/@boundaryml/baml-linux-x64-gnu/-/baml-linux-x64-gnu-0.221.0.tgz",
      "integrity": "sha512-YoOz6N6E37UE4ULRCe24P/Ov2pNxjvI4R+I6Bwhkqdt5HOGsJrf2uJUSC+XxKZpkPqlbo1gGZPoCB0lcyeSkeA==",
      "cpu": [
        "x64"
      ],
      "license": "MIT",
      "optional": true,
      "os": [
        "linux"
      ],
      "engines": {
        "node": ">= 10"
      }
    },
    "node_modules/@boundaryml/baml-linux-x64-musl": {
      "version": "0.221.0",
      "resolved": "https://registry.npmjs.org/@boundaryml/baml-linux-x64-musl/-/baml-linux-x64-musl-0.221.0.tgz",
      "integrity": "sha512-gY67VRXrixgTenDtDzVSMo0GjLbeofGtCZuArfiDgCglfJ5/KGBSgwzqrrTuyUVLGK902NmCaYA5OrPSXezSzg==",
      "cpu": [
        "x64"
      ],
      "license": "MIT",
      "optional": true,
      "os": [
        "linux"
      ],
      "engines": {
        "node": ">= 10"
      }
    },
    "node_modules/@boundaryml/baml-win32-arm64-msvc": {
      "version": "0.221.0",
      "resolved": "https://registry.npmjs.org/@boundaryml/baml-win32-arm64-msvc/-/baml-win32-arm64-msvc-0.221.0.tgz",
      "integrity": "sha512-pTHPv6GVlW7nLVszgm7P7+PdQ97JJ8xnRp3/TeP/ya5z08wKi0ejOInLzElMyZVTB+XY707qGlM9CreJnDH3vg==",
      "cpu": [
        "arm64"
      ],
      "license": "MIT",
      "optional": true,
      "os": [
        "win32"
      ],
      "engines": {
        "node": ">= 10"
      }
    },
    "node_modules/@boundaryml/baml-win32-x64-msvc": {
      "version": "0.221.0",
      "resolved": "https://registry.npmjs.org/@boundaryml/baml-win32-x64-msvc/-/baml-win32-x64-msvc-0.221.0.tgz",
      "integrity": "sha512-XP3CxwsYxOZAOzkWqZd2Dg8iNpDOMrbA/Bz3nqI7oX/wL+ZMkHJwjWQwxIVL+sg2rp+TceV+21UPb6LTmt+qJw==",
      "cpu": [
        "x64"
      ],
      "license": "MIT",
      "optional": true,
      "os": [
        "win32"
      ],
      "engines": {
        "node": ">= 10"
      }
    },
    "node_modules/@scarf/scarf": {
      "version": "1.4.0",
      "resolved": "https://registry.npmjs.org/@scarf/scarf/-/scarf-1.4.0.tgz",
      "integrity": "sha512-xxeapPiUXdZAE3che6f3xogoJPeZgig6omHEy1rIY5WVsB3H2BHNnZH+gHG6x91SCWyQCzWGsuL2Hh3ClO5/qQ==",
      "hasInstallScript": true,
      "license": "Apache-2.0"
    },
    "node_modules/typescript": {
      "version": "5.9.3",
      "resolved": "https://registry.npmjs.org/typescript/-/typescript-5.9.3.tgz",
      "integrity": "sha512-jl1vZzPDinLr9eUt3J/t7V6FgNEw9QjvBPdysz9KfQDD41fQrC2Y4vKQdiaUpFT4bXlb1RHhLpp8wtm6M5TgSw==",
      "license": "Apache-2.0",
      "bin": {
        "tsc": "bin/tsc",
        "tsserver": "bin/tsserver"
      },
      "engines": {
        "node": ">=14.17"
      }
    }
  }
}
